<?xml version="1.0" encoding="utf-8"?>
<Project ToolsVersion="4.0" xmlns="http://schemas.microsoft.com/developer/msbuild/2003">
  <ItemGroup>
    <Filter Include="Game">
      <UniqueIdentifier>{19f342cc-5f69-4046-abb8-c84489d36802}</UniqueIdentifier>
    </Filter>
    <Filter Include="Src">
      <UniqueIdentifier>{4bdc6763-da2c-4be4-818c-6b1032211a89}</UniqueIdentifier>
    </Filter>
    <Filter Include="Src\RenderSystem">
      <UniqueIdentifier>{70da27d6-7537-4259-a16a-baa9d08a8d00}</UniqueIdentifier>
    </Filter>
    <Filter Include="Src\Console">
      <UniqueIdentifier>{6d40eb25-c401-412c-a9b0-cd4b1a8cf77e}</UniqueIdentifier>
    </Filter>
    <Filter Include="Src\FileManagment">
      <UniqueIdentifier>{fdf2a2ec-7a22-42ee-8ed2-73369e78f3f4}</UniqueIdentifier>
    </Filter>
    <Filter Include="Src\Math">
      <UniqueIdentifier>{be4759ef-db96-4599-aff5-ff6e7d8fee1a}</UniqueIdentifier>
    </Filter>
    <Filter Include="Src\InputSystem">
      <UniqueIdentifier>{1b315feb-bcd9-4a43-add6-4f823675a90e}</UniqueIdentifier>
    </Filter>
    <Filter Include="Src\Core">
      <UniqueIdentifier>{84473f9e-da8f-4caa-a63b-6ca1340a4f05}</UniqueIdentifier>
    </Filter>
    <Filter Include="Src\Core\Physics">
      <UniqueIdentifier>{48637ee5-19e1-4520-bb73-58f07e9278a3}</UniqueIdentifier>
    </Filter>
    <Filter Include="Src\CollisionSystem">
      <UniqueIdentifier>{a074092b-0610-4a36-afd5-ba48af648700}</UniqueIdentifier>
    </Filter>
    <Filter Include="Src\System">
      <UniqueIdentifier>{76ae81a1-3cc9-4455-9e1d-30498a67276e}</UniqueIdentifier>
    </Filter>
    <Filter Include="Game\MainLevel">
      <UniqueIdentifier>{70cc5185-34b4-4618-8856-06a698337e43}</UniqueIdentifier>
    </Filter>
    <Filter Include="Game\MainLevel\Animators">
      <UniqueIdentifier>{233c5951-37bc-4399-8dcb-5f0081b05d97}</UniqueIdentifier>
    </Filter>
    <Filter Include="Game\MainLevel\Player">
      <UniqueIdentifier>{985d926f-c2f6-49a7-a191-53f8dc2d1d7c}</UniqueIdentifier>
    </Filter>
    <Filter Include="Game\MainMenu">
      <UniqueIdentifier>{706f8c95-7fe4-403e-9d09-a71431c5cb31}</UniqueIdentifier>
    </Filter>
  </ItemGroup>
  <ItemGroup>
    <ClCompile Include="Src\Console\ConsoleWIN.cpp">
      <Filter>Src\Console</Filter>
    </ClCompile>
    <ClCompile Include="Src\Core\Camera.cpp">
      <Filter>Src\Core</Filter>
    </ClCompile>
    <ClCompile Include="Src\Core\FlipBook.cpp">
      <Filter>Src\Core</Filter>
    </ClCompile>
    <ClCompile Include="Src\Core\IDrawObj.cpp">
      <Filter>Src\Core</Filter>
    </ClCompile>
    <ClCompile Include="Src\Core\Object.cpp">
      <Filter>Src\Core</Filter>
    </ClCompile>
    <ClCompile Include="Src\Core\Pawn.cpp">
      <Filter>Src\Core</Filter>
    </ClCompile>
    <ClCompile Include="Src\Core\Sprite.cpp">
      <Filter>Src\Core</Filter>
    </ClCompile>
    <ClCompile Include="Src\FileManagment\TextureReader.cpp">
      <Filter>Src\FileManagment</Filter>
    </ClCompile>
    <ClCompile Include="Src\FileManagment\TextureWriter.cpp">
      <Filter>Src\FileManagment</Filter>
    </ClCompile>
    <ClCompile Include="Src\InputSystem\InputSystem.cpp">
      <Filter>Src\InputSystem</Filter>
    </ClCompile>
    <ClCompile Include="Src\Math\Vec2.cpp">
      <Filter>Src\Math</Filter>
    </ClCompile>
    <ClCompile Include="Src\RenderSystem\Render.cpp">
      <Filter>Src\RenderSystem</Filter>
    </ClCompile>
    <ClCompile Include="Src\Engine.cpp">
      <Filter>Src</Filter>
    </ClCompile>
    <ClCompile Include="Src\Src.cpp">
      <Filter>Src</Filter>
    </ClCompile>
    <ClCompile Include="Src\CollisionSystem\CollisionSystem.cpp">
      <Filter>Src\CollisionSystem</Filter>
    </ClCompile>
    <ClCompile Include="Src\Core\Animation.cpp">
      <Filter>Src\Core</Filter>
    </ClCompile>
    <ClCompile Include="Src\Core\Animator.cpp">
      <Filter>Src\Core</Filter>
    </ClCompile>
    <ClCompile Include="Src\Game\PlayerAnimator.cpp">
      <Filter>Game\MainLevel\Animators</Filter>
    </ClCompile>
    <ClCompile Include="Src\Core\Text.cpp">
      <Filter>Src\Core</Filter>
    </ClCompile>
    <ClCompile Include="Src\Console\IConsole.cpp">
      <Filter>Src\Console</Filter>
    </ClCompile>
    <ClCompile Include="Src\Core\Physics\Collider.cpp">
      <Filter>Src\Core\Physics</Filter>
    </ClCompile>
    <ClCompile Include="Src\Core\Physics\CollisionSet.cpp">
      <Filter>Src\Core\Physics</Filter>
    </ClCompile>
    <ClCompile Include="Src\Game\EnemyAnimator.cpp">
      <Filter>Game\MainLevel\Animators</Filter>
    </ClCompile>
    <ClCompile Include="Src\Game\Box.cpp">
      <Filter>Game\MainLevel</Filter>
    </ClCompile>
    <ClCompile Include="Src\Game\Coin.cpp">
      <Filter>Game\MainLevel</Filter>
    </ClCompile>
    <ClCompile Include="Src\Game\Enemy.cpp">
      <Filter>Game\MainLevel</Filter>
    </ClCompile>
    <ClCompile Include="Src\Game\World.cpp">
      <Filter>Game\MainLevel</Filter>
    </ClCompile>
    <ClCompile Include="Src\Game\Player.cpp">
      <Filter>Game\MainLevel\Player</Filter>
    </ClCompile>
    <ClCompile Include="Src\Game\UI.cpp">
      <Filter>Game\MainLevel\Player</Filter>
    </ClCompile>
    <ClCompile Include="Src\Game\Menu\Menu.cpp">
      <Filter>Game\MainMenu</Filter>
    </ClCompile>
    <ClCompile Include="Src\Game\Menu\Write.cpp">
      <Filter>Game\MainMenu</Filter>
    </ClCompile>
    <ClCompile Include="Src\Game\Menu\MainMenuControlller.cpp">
      <Filter>Game\MainMenu</Filter>
    </ClCompile>
    <ClCompile Include="Src\Game\Menu\SelectPlayer.cpp">
      <Filter>Game\MainMenu</Filter>
    </ClCompile>
    <ClCompile Include="Src\Game\Menu\PlayerInfo.cpp">
      <Filter>Game\MainMenu</Filter>
    </ClCompile>
    <ClCompile Include="Src\Game\Menu\UserContainer.cpp">
      <Filter>Game\MainMenu</Filter>
    </ClCompile>
    <ClCompile Include="Src\Game\Menu\PlayersLeaderBoard.cpp" />
  </ItemGroup>
  <ItemGroup>
    <ClInclude Include="Src\Console\ConsoleWIN.h">
      <Filter>Src\Console</Filter>
    </ClInclude>
    <ClInclude Include="Src\Core\Camera.h">
      <Filter>Src\Core</Filter>
    </ClInclude>
    <ClInclude Include="Src\Core\FlipBook.h">
      <Filter>Src\Core</Filter>
    </ClInclude>
    <ClInclude Include="Src\Core\IDrawObj.h">
      <Filter>Src\Core</Filter>
    </ClInclude>
    <ClInclude Include="Src\Core\Object.h">
      <Filter>Src\Core</Filter>
    </ClInclude>
    <ClInclude Include="Src\Core\Pawn.h">
      <Filter>Src\Core</Filter>
    </ClInclude>
    <ClInclude Include="Src\Core\Sprite.h">
      <Filter>Src\Core</Filter>
    </ClInclude>
    <ClInclude Include="Src\FileManagment\TextureReader.h">
      <Filter>Src\FileManagment</Filter>
    </ClInclude>
    <ClInclude Include="Src\FileManagment\TextureWriter.h">
      <Filter>Src\FileManagment</Filter>
    </ClInclude>
    <ClInclude Include="Src\InputSystem\InputListener.h">
      <Filter>Src\InputSystem</Filter>
    </ClInclude>
    <ClInclude Include="Src\InputSystem\InputSystem.h">
      <Filter>Src\InputSystem</Filter>
    </ClInclude>
    <ClInclude Include="Src\Math\Matrix.h">
      <Filter>Src\Math</Filter>
    </ClInclude>
    <ClInclude Include="Src\Math\Vec2.h">
      <Filter>Src\Math</Filter>
    </ClInclude>
    <ClInclude Include="Src\RenderSystem\CSymb.h">
      <Filter>Src\RenderSystem</Filter>
    </ClInclude>
    <ClInclude Include="Src\RenderSystem\Render.h">
      <Filter>Src\RenderSystem</Filter>
    </ClInclude>
    <ClInclude Include="Src\Engine.h">
      <Filter>Src</Filter>
    </ClInclude>
    <ClInclude Include="Src\CollisionSystem\CollisionSystem.h">
      <Filter>Src\CollisionSystem</Filter>
    </ClInclude>
    <ClInclude Include="Src\Core\Animation.h">
      <Filter>Src\Core</Filter>
    </ClInclude>
    <ClInclude Include="Src\Core\Animator.h">
      <Filter>Src\Core</Filter>
    </ClInclude>
    <ClInclude Include="Src\Game\PlayerAnimator.h">
      <Filter>Game\MainLevel\Animators</Filter>
    </ClInclude>
    <ClInclude Include="Src\Core\Text.h">
      <Filter>Src\Core</Filter>
    </ClInclude>
    <ClInclude Include="Src\Console\IConsole.h">
      <Filter>Src\Console</Filter>
    </ClInclude>
    <ClInclude Include="Src\System\Delegate.h">
      <Filter>Src\System</Filter>
    </ClInclude>
    <ClInclude Include="Src\Core\Physics\Collider.h">
      <Filter>Src\Core\Physics</Filter>
    </ClInclude>
    <ClInclude Include="Src\Core\Physics\CollisionSet.h">
      <Filter>Src\Core\Physics</Filter>
    </ClInclude>
    <ClInclude Include="Src\Game\EnemyAnimator.h">
      <Filter>Game\MainLevel\Animators</Filter>
    </ClInclude>
    <ClInclude Include="Src\Game\Box.h">
      <Filter>Game\MainLevel</Filter>
    </ClInclude>
    <ClInclude Include="Src\Game\Coin.h">
      <Filter>Game\MainLevel</Filter>
    </ClInclude>
    <ClInclude Include="Src\Game\Enemy.h">
      <Filter>Game\MainLevel</Filter>
    </ClInclude>
    <ClInclude Include="Src\Game\World.h">
      <Filter>Game\MainLevel</Filter>
    </ClInclude>
    <ClInclude Include="Src\Game\Player.h">
      <Filter>Game\MainLevel\Player</Filter>
    </ClInclude>
    <ClInclude Include="Src\Game\UI.h">
      <Filter>Game\MainLevel\Player</Filter>
    </ClInclude>
    <ClInclude Include="Src\Game\Menu\Menu.h">
      <Filter>Game\MainMenu</Filter>
    </ClInclude>
    <ClInclude Include="Src\Game\Menu\Write.h">
      <Filter>Game\MainMenu</Filter>
    </ClInclude>
    <ClInclude Include="Src\Game\Menu\MainMenuControlller.h">
      <Filter>Game\MainMenu</Filter>
    </ClInclude>
    <ClInclude Include="Src\Game\Menu\SelectPlayer.h">
      <Filter>Game\MainMenu</Filter>
    </ClInclude>
    <ClInclude Include="Src\Game\Menu\PlayerInfo.h">
      <Filter>Game\MainMenu</Filter>
    </ClInclude>
    <ClInclude Include="Src\Game\Menu\UserContainer.h">
      <Filter>Game\MainMenu</Filter>
    </ClInclude>
    <ClInclude Include="Src\Game\Menu\PlayersLeaderBoard.h" />
  </ItemGroup>
</Project>